
Microsoft Visual Studio Solution File, Format Version 12.00
# Visual Studio Version 17
VisualStudioVersion = 17.2.32630.192
MinimumVisualStudioVersion = 10.0.40219.1
Project("{FAE04EC0-301F-11D3-BF4B-00C04F79EFBC}") = "TODO_LIST", "TODO_LIST.csproj", "{7FAD19D7-82DE-4AAD-8392-CD778149F996}"
EndProject
Global
	GlobalSection(SolutionConfigurationPlatforms) = preSolution
		Debug|Any CPU = Debug|Any CPU
		Release|Any CPU = Release|Any CPU
	EndGlobalSection
	GlobalSection(ProjectConfigurationPlatforms) = postSolution
		{7FAD19D7-82DE-4AAD-8392-CD778149F996}.Debug|Any CPU.ActiveCfg = Debug|Any CPU
		{7FAD19D7-82DE-4AAD-8392-CD778149F996}.Debug|Any CPU.Build.0 = Debug|Any CPU
		{7FAD19D7-82DE-4AAD-8392-CD778149F996}.Release|Any CPU.ActiveCfg = Release|Any CPU
		{7FAD19D7-82DE-4AAD-8392-CD778149F996}.Release|Any CPU.Build.0 = Release|Any CPU
	EndGlobalSection
	GlobalSection(SolutionProperties) = preSolution
		HideSolutionNode = FALSE
	EndGlobalSection
	GlobalSection(ExtensibilityGlobals) = postSolution
		SolutionGuid = {B8C316DD-AD6B-47AC-B3A6-B2A095440E09}
	EndGlobalSection
EndGlobal
